// !$*UTF8*$!
{
	archiveVersion = 1;
	classes = {
	};
	objectVersion = 56;
	objects = {

/* Begin PBXBuildFile section */
		493442D62A7BA17900B87253 /* AuthView.swift in Sources */ = {isa = PBXBuildFile; fileRef = 493442D52A7BA17900B87253 /* AuthView.swift */; };
		4968F0FB2A7D88B900124291 /* RideScheduleBox.swift in Sources */ = {isa = PBXBuildFile; fileRef = 4968F0FA2A7D88B900124291 /* RideScheduleBox.swift */; };
		4968F0FE2A7E3CE200124291 /* RideManager.swift in Sources */ = {isa = PBXBuildFile; fileRef = 4968F0FD2A7E3CE200124291 /* RideManager.swift */; };
		499EA5F22A7C3B2D00F12A6F /* EnterUsernameView.swift in Sources */ = {isa = PBXBuildFile; fileRef = 499EA5F12A7C3B2D00F12A6F /* EnterUsernameView.swift */; };
		499EA5F42A7C899800F12A6F /* HomeView.swift in Sources */ = {isa = PBXBuildFile; fileRef = 499EA5F32A7C899800F12A6F /* HomeView.swift */; };
		499EA5F62A7CD7B300F12A6F /* TabItemView.swift in Sources */ = {isa = PBXBuildFile; fileRef = 499EA5F52A7CD7B300F12A6F /* TabItemView.swift */; };
		499EA5F92A7CD9AF00F12A6F /* LandingView.swift in Sources */ = {isa = PBXBuildFile; fileRef = 499EA5F82A7CD9AF00F12A6F /* LandingView.swift */; };
		499EA5FB2A7CD9CE00F12A6F /* RideView.swift in Sources */ = {isa = PBXBuildFile; fileRef = 499EA5FA2A7CD9CE00F12A6F /* RideView.swift */; };
		499EA5FD2A7CDC7500F12A6F /* MapView.swift in Sources */ = {isa = PBXBuildFile; fileRef = 499EA5FC2A7CDC7500F12A6F /* MapView.swift */; };
		499EA5FF2A7CE05F00F12A6F /* FirebaseFunctionsGetters.swift in Sources */ = {isa = PBXBuildFile; fileRef = 499EA5FE2A7CE05F00F12A6F /* FirebaseFunctionsGetters.swift */; };
		499EA6012A7CE2BE00F12A6F /* OptimalRouteAlgorithm.swift in Sources */ = {isa = PBXBuildFile; fileRef = 499EA6002A7CE2BE00F12A6F /* OptimalRouteAlgorithm.swift */; };
		49C7EFE32A7B81C0004792A9 /* UniversalStudiosRideGuideApp.swift in Sources */ = {isa = PBXBuildFile; fileRef = 49C7EFE22A7B81C0004792A9 /* UniversalStudiosRideGuideApp.swift */; };
		49C7EFE52A7B81C0004792A9 /* ContentView.swift in Sources */ = {isa = PBXBuildFile; fileRef = 49C7EFE42A7B81C0004792A9 /* ContentView.swift */; };
		49C7EFE72A7B81C3004792A9 /* Assets.xcassets in Resources */ = {isa = PBXBuildFile; fileRef = 49C7EFE62A7B81C3004792A9 /* Assets.xcassets */; };
		49C7EFEA2A7B81C3004792A9 /* Preview Assets.xcassets in Resources */ = {isa = PBXBuildFile; fileRef = 49C7EFE92A7B81C3004792A9 /* Preview Assets.xcassets */; };
		49C7EFF12A7B8228004792A9 /* GoogleService-Info.plist in Resources */ = {isa = PBXBuildFile; fileRef = 49C7EFF02A7B8228004792A9 /* GoogleService-Info.plist */; };
		49C7EFF32A7B82F3004792A9 /* SplashView.swift in Sources */ = {isa = PBXBuildFile; fileRef = 49C7EFF22A7B82F3004792A9 /* SplashView.swift */; };
		49C7F0632A7B91D3004792A9 /* FirebaseAuth in Frameworks */ = {isa = PBXBuildFile; productRef = 49C7F0622A7B91D3004792A9 /* FirebaseAuth */; };
		49C7F0652A7B9204004792A9 /* FirebaseFirestore in Frameworks */ = {isa = PBXBuildFile; productRef = 49C7F0642A7B9204004792A9 /* FirebaseFirestore */; };
		49D8B2092A80D1E300AAABF7 /* RidesFromFirestore.swift in Sources */ = {isa = PBXBuildFile; fileRef = 49D8B2082A80D1E300AAABF7 /* RidesFromFirestore.swift */; };
		49D8B20B2A80E00900AAABF7 /* FirebaseFunctionsSetters.swift in Sources */ = {isa = PBXBuildFile; fileRef = 49D8B20A2A80E00900AAABF7 /* FirebaseFunctionsSetters.swift */; };
/* End PBXBuildFile section */

/* Begin PBXFileReference section */
		493442D52A7BA17900B87253 /* AuthView.swift */ = {isa = PBXFileReference; lastKnownFileType = sourcecode.swift; path = AuthView.swift; sourceTree = "<group>"; };
		4968F0FA2A7D88B900124291 /* RideScheduleBox.swift */ = {isa = PBXFileReference; lastKnownFileType = sourcecode.swift; path = RideScheduleBox.swift; sourceTree = "<group>"; };
		4968F0FD2A7E3CE200124291 /* RideManager.swift */ = {isa = PBXFileReference; lastKnownFileType = sourcecode.swift; path = RideManager.swift; sourceTree = "<group>"; };
		499EA5F12A7C3B2D00F12A6F /* EnterUsernameView.swift */ = {isa = PBXFileReference; lastKnownFileType = sourcecode.swift; path = EnterUsernameView.swift; sourceTree = "<group>"; };
		499EA5F32A7C899800F12A6F /* HomeView.swift */ = {isa = PBXFileReference; lastKnownFileType = sourcecode.swift; path = HomeView.swift; sourceTree = "<group>"; };
		499EA5F52A7CD7B300F12A6F /* TabItemView.swift */ = {isa = PBXFileReference; lastKnownFileType = sourcecode.swift; path = TabItemView.swift; sourceTree = "<group>"; };
		499EA5F82A7CD9AF00F12A6F /* LandingView.swift */ = {isa = PBXFileReference; lastKnownFileType = sourcecode.swift; path = LandingView.swift; sourceTree = "<group>"; };
		499EA5FA2A7CD9CE00F12A6F /* RideView.swift */ = {isa = PBXFileReference; lastKnownFileType = sourcecode.swift; path = RideView.swift; sourceTree = "<group>"; };
		499EA5FC2A7CDC7500F12A6F /* MapView.swift */ = {isa = PBXFileReference; lastKnownFileType = sourcecode.swift; path = MapView.swift; sourceTree = "<group>"; };
		499EA5FE2A7CE05F00F12A6F /* FirebaseFunctionsGetters.swift */ = {isa = PBXFileReference; lastKnownFileType = sourcecode.swift; path = FirebaseFunctionsGetters.swift; sourceTree = "<group>"; };
		499EA6002A7CE2BE00F12A6F /* OptimalRouteAlgorithm.swift */ = {isa = PBXFileReference; lastKnownFileType = sourcecode.swift; path = OptimalRouteAlgorithm.swift; sourceTree = "<group>"; };
		49C7EFDF2A7B81C0004792A9 /* UniversalStudiosRideGuide.app */ = {isa = PBXFileReference; explicitFileType = wrapper.application; includeInIndex = 0; path = UniversalStudiosRideGuide.app; sourceTree = BUILT_PRODUCTS_DIR; };
		49C7EFE22A7B81C0004792A9 /* UniversalStudiosRideGuideApp.swift */ = {isa = PBXFileReference; lastKnownFileType = sourcecode.swift; path = UniversalStudiosRideGuideApp.swift; sourceTree = "<group>"; };
		49C7EFE42A7B81C0004792A9 /* ContentView.swift */ = {isa = PBXFileReference; lastKnownFileType = sourcecode.swift; path = ContentView.swift; sourceTree = "<group>"; };
		49C7EFE62A7B81C3004792A9 /* Assets.xcassets */ = {isa = PBXFileReference; lastKnownFileType = folder.assetcatalog; path = Assets.xcassets; sourceTree = "<group>"; };
		49C7EFE92A7B81C3004792A9 /* Preview Assets.xcassets */ = {isa = PBXFileReference; lastKnownFileType = folder.assetcatalog; path = "Preview Assets.xcassets"; sourceTree = "<group>"; };
		49C7EFF02A7B8228004792A9 /* GoogleService-Info.plist */ = {isa = PBXFileReference; fileEncoding = 4; lastKnownFileType = text.plist.xml; path = "GoogleService-Info.plist"; sourceTree = "<group>"; };
		49C7EFF22A7B82F3004792A9 /* SplashView.swift */ = {isa = PBXFileReference; fileEncoding = 4; lastKnownFileType = sourcecode.swift; path = SplashView.swift; sourceTree = "<group>"; };
		49D8B2082A80D1E300AAABF7 /* RidesFromFirestore.swift */ = {isa = PBXFileReference; lastKnownFileType = sourcecode.swift; path = RidesFromFirestore.swift; sourceTree = "<group>"; };
		49D8B20A2A80E00900AAABF7 /* FirebaseFunctionsSetters.swift */ = {isa = PBXFileReference; lastKnownFileType = sourcecode.swift; path = FirebaseFunctionsSetters.swift; sourceTree = "<group>"; };
/* End PBXFileReference section */

/* Begin PBXFrameworksBuildPhase section */
		49C7EFDC2A7B81C0004792A9 /* Frameworks */ = {
			isa = PBXFrameworksBuildPhase;
			buildActionMask = 2147483647;
			files = (
				49C7F0632A7B91D3004792A9 /* FirebaseAuth in Frameworks */,
				49C7F0652A7B9204004792A9 /* FirebaseFirestore in Frameworks */,
			);
			runOnlyForDeploymentPostprocessing = 0;
		};
/* End PBXFrameworksBuildPhase section */

/* Begin PBXGroup section */
		4968F0F92A7D889B00124291 /* LandingViewComponents */ = {
			isa = PBXGroup;
			children = (
				499EA5F82A7CD9AF00F12A6F /* LandingView.swift */,
				4968F0FA2A7D88B900124291 /* RideScheduleBox.swift */,
			);
			path = LandingViewComponents;
			sourceTree = "<group>";
		};
		4968F0FC2A7E3C9900124291 /* RideViewComponents */ = {
			isa = PBXGroup;
			children = (
				499EA5FA2A7CD9CE00F12A6F /* RideView.swift */,
				49D8B2082A80D1E300AAABF7 /* RidesFromFirestore.swift */,
			);
			path = RideViewComponents;
			sourceTree = "<group>";
		};
		499EA5F72A7CD99B00F12A6F /* HomeViews */ = {
			isa = PBXGroup;
			children = (
				4968F0F92A7D889B00124291 /* LandingViewComponents */,
				4968F0FC2A7E3C9900124291 /* RideViewComponents */,
				499EA5FE2A7CE05F00F12A6F /* FirebaseFunctionsGetters.swift */,
				49D8B20A2A80E00900AAABF7 /* FirebaseFunctionsSetters.swift */,
				499EA5FC2A7CDC7500F12A6F /* MapView.swift */,
				4968F0FD2A7E3CE200124291 /* RideManager.swift */,
			);
			path = HomeViews;
			sourceTree = "<group>";
		};
		49C7EFD62A7B81C0004792A9 = {
			isa = PBXGroup;
			children = (
				49C7EFE12A7B81C0004792A9 /* UniversalStudiosRideGuide */,
				49C7EFE02A7B81C0004792A9 /* Products */,
				49C7F0012A7B8ABB004792A9 /* Frameworks */,
			);
			sourceTree = "<group>";
		};
		49C7EFE02A7B81C0004792A9 /* Products */ = {
			isa = PBXGroup;
			children = (
				49C7EFDF2A7B81C0004792A9 /* UniversalStudiosRideGuide.app */,
			);
			name = Products;
			sourceTree = "<group>";
		};
		49C7EFE12A7B81C0004792A9 /* UniversalStudiosRideGuide */ = {
			isa = PBXGroup;
			children = (
				49C7EFE22A7B81C0004792A9 /* UniversalStudiosRideGuideApp.swift */,
				49C7EFE42A7B81C0004792A9 /* ContentView.swift */,
				49C7EFF22A7B82F3004792A9 /* SplashView.swift */,
				493442D52A7BA17900B87253 /* AuthView.swift */,
				499EA5F12A7C3B2D00F12A6F /* EnterUsernameView.swift */,
				499EA5F32A7C899800F12A6F /* HomeView.swift */,
				499EA5F52A7CD7B300F12A6F /* TabItemView.swift */,
				499EA6002A7CE2BE00F12A6F /* OptimalRouteAlgorithm.swift */,
				499EA5F72A7CD99B00F12A6F /* HomeViews */,
				49C7EFE62A7B81C3004792A9 /* Assets.xcassets */,
				49C7EFF02A7B8228004792A9 /* GoogleService-Info.plist */,
				49C7EFE82A7B81C3004792A9 /* Preview Content */,
			);
			path = UniversalStudiosRideGuide;
			sourceTree = "<group>";
		};
		49C7EFE82A7B81C3004792A9 /* Preview Content */ = {
			isa = PBXGroup;
			children = (
				49C7EFE92A7B81C3004792A9 /* Preview Assets.xcassets */,
			);
			path = "Preview Content";
			sourceTree = "<group>";
		};
		49C7F0012A7B8ABB004792A9 /* Frameworks */ = {
			isa = PBXGroup;
			children = (
			);
			name = Frameworks;
			sourceTree = "<group>";
		};
/* End PBXGroup section */

/* Begin PBXNativeTarget section */
		49C7EFDE2A7B81C0004792A9 /* UniversalStudiosRideGuide */ = {
			isa = PBXNativeTarget;
			buildConfigurationList = 49C7EFED2A7B81C3004792A9 /* Build configuration list for PBXNativeTarget "UniversalStudiosRideGuide" */;
			buildPhases = (
				49C7EFDB2A7B81C0004792A9 /* Sources */,
				49C7EFDC2A7B81C0004792A9 /* Frameworks */,
				49C7EFDD2A7B81C0004792A9 /* Resources */,
			);
			buildRules = (
			);
			dependencies = (
			);
			name = UniversalStudiosRideGuide;
			packageProductDependencies = (
				49C7F0622A7B91D3004792A9 /* FirebaseAuth */,
				49C7F0642A7B9204004792A9 /* FirebaseFirestore */,
			);
			productName = UniversalStudiosRideGuide;
			productReference = 49C7EFDF2A7B81C0004792A9 /* UniversalStudiosRideGuide.app */;
			productType = "com.apple.product-type.application";
		};
/* End PBXNativeTarget section */

/* Begin PBXProject section */
		49C7EFD72A7B81C0004792A9 /* Project object */ = {
			isa = PBXProject;
			attributes = {
				BuildIndependentTargetsInParallel = 1;
				LastSwiftUpdateCheck = 1500;
				LastUpgradeCheck = 1500;
				TargetAttributes = {
					49C7EFDE2A7B81C0004792A9 = {
						CreatedOnToolsVersion = 15.0;
					};
				};
			};
			buildConfigurationList = 49C7EFDA2A7B81C0004792A9 /* Build configuration list for PBXProject "UniversalStudiosRideGuide" */;
			compatibilityVersion = "Xcode 14.0";
			developmentRegion = en;
			hasScannedForEncodings = 0;
			knownRegions = (
				en,
				Base,
			);
			mainGroup = 49C7EFD62A7B81C0004792A9;
			packageReferences = (
				49C7F0552A7B91D3004792A9 /* XCRemoteSwiftPackageReference "firebase-ios-sdk" */,
			);
			productRefGroup = 49C7EFE02A7B81C0004792A9 /* Products */;
			projectDirPath = "";
			projectRoot = "";
			targets = (
				49C7EFDE2A7B81C0004792A9 /* UniversalStudiosRideGuide */,
			);
		};
/* End PBXProject section */

/* Begin PBXResourcesBuildPhase section */
		49C7EFDD2A7B81C0004792A9 /* Resources */ = {
			isa = PBXResourcesBuildPhase;
			buildActionMask = 2147483647;
			files = (
				49C7EFEA2A7B81C3004792A9 /* Preview Assets.xcassets in Resources */,
				49C7EFE72A7B81C3004792A9 /* Assets.xcassets in Resources */,
				49C7EFF12A7B8228004792A9 /* GoogleService-Info.plist in Resources */,
			);
			runOnlyForDeploymentPostprocessing = 0;
		};
/* End PBXResourcesBuildPhase section */

/* Begin PBXSourcesBuildPhase section */
		49C7EFDB2A7B81C0004792A9 /* Sources */ = {
			isa = PBXSourcesBuildPhase;
			buildActionMask = 2147483647;
			files = (
				499EA5FB2A7CD9CE00F12A6F /* RideView.swift in Sources */,
				49D8B2092A80D1E300AAABF7 /* RidesFromFirestore.swift in Sources */,
				49C7EFE52A7B81C0004792A9 /* ContentView.swift in Sources */,
				499EA6012A7CE2BE00F12A6F /* OptimalRouteAlgorithm.swift in Sources */,
				499EA5F62A7CD7B300F12A6F /* TabItemView.swift in Sources */,
				49C7EFE32A7B81C0004792A9 /* UniversalStudiosRideGuideApp.swift in Sources */,
				493442D62A7BA17900B87253 /* AuthView.swift in Sources */,
				499EA5F92A7CD9AF00F12A6F /* LandingView.swift in Sources */,
				499EA5F42A7C899800F12A6F /* HomeView.swift in Sources */,
				4968F0FB2A7D88B900124291 /* RideScheduleBox.swift in Sources */,
				499EA5FD2A7CDC7500F12A6F /* MapView.swift in Sources */,
				49C7EFF32A7B82F3004792A9 /* SplashView.swift in Sources */,
				4968F0FE2A7E3CE200124291 /* RideManager.swift in Sources */,
				49D8B20B2A80E00900AAABF7 /* FirebaseFunctionsSetters.swift in Sources */,
				499EA5F22A7C3B2D00F12A6F /* EnterUsernameView.swift in Sources */,
				499EA5FF2A7CE05F00F12A6F /* FirebaseFunctionsGetters.swift in Sources */,
			);
			runOnlyForDeploymentPostprocessing = 0;
		};
/* End PBXSourcesBuildPhase section */

/* Begin XCBuildConfiguration section */
		49C7EFEB2A7B81C3004792A9 /* Debug */ = {
			isa = XCBuildConfiguration;
			buildSettings = {
				ALWAYS_SEARCH_USER_PATHS = NO;
				ASSETCATALOG_COMPILER_GENERATE_SWIFT_ASSET_SYMBOL_EXTENSIONS = YES;
				CLANG_ANALYZER_NONNULL = YES;
				CLANG_ANALYZER_NUMBER_OBJECT_CONVERSION = YES_AGGRESSIVE;
				CLANG_CXX_LANGUAGE_STANDARD = "gnu++20";
				CLANG_ENABLE_MODULES = YES;
				CLANG_ENABLE_OBJC_ARC = YES;
				CLANG_ENABLE_OBJC_WEAK = YES;
				CLANG_WARN_BLOCK_CAPTURE_AUTORELEASING = YES;
				CLANG_WARN_BOOL_CONVERSION = YES;
				CLANG_WARN_COMMA = YES;
				CLANG_WARN_CONSTANT_CONVERSION = YES;
				CLANG_WARN_DEPRECATED_OBJC_IMPLEMENTATIONS = YES;
				CLANG_WARN_DIRECT_OBJC_ISA_USAGE = YES_ERROR;
				CLANG_WARN_DOCUMENTATION_COMMENTS = YES;
				CLANG_WARN_EMPTY_BODY = YES;
				CLANG_WARN_ENUM_CONVERSION = YES;
				CLANG_WARN_INFINITE_RECURSION = YES;
				CLANG_WARN_INT_CONVERSION = YES;
				CLANG_WARN_NON_LITERAL_NULL_CONVERSION = YES;
				CLANG_WARN_OBJC_IMPLICIT_RETAIN_SELF = YES;
				CLANG_WARN_OBJC_LITERAL_CONVERSION = YES;
				CLANG_WARN_OBJC_ROOT_CLASS = YES_ERROR;
				CLANG_WARN_QUOTED_INCLUDE_IN_FRAMEWORK_HEADER = YES;
				CLANG_WARN_RANGE_LOOP_ANALYSIS = YES;
				CLANG_WARN_STRICT_PROTOTYPES = YES;
				CLANG_WARN_SUSPICIOUS_MOVE = YES;
				CLANG_WARN_UNGUARDED_AVAILABILITY = YES_AGGRESSIVE;
				CLANG_WARN_UNREACHABLE_CODE = YES;
				CLANG_WARN__DUPLICATE_METHOD_MATCH = YES;
				COPY_PHASE_STRIP = NO;
				DEBUG_INFORMATION_FORMAT = dwarf;
				ENABLE_STRICT_OBJC_MSGSEND = YES;
				ENABLE_TESTABILITY = YES;
				ENABLE_USER_SCRIPT_SANDBOXING = YES;
				GCC_C_LANGUAGE_STANDARD = gnu17;
				GCC_DYNAMIC_NO_PIC = NO;
				GCC_NO_COMMON_BLOCKS = YES;
				GCC_OPTIMIZATION_LEVEL = 0;
				GCC_PREPROCESSOR_DEFINITIONS = (
					"DEBUG=1",
					"$(inherited)",
				);
				GCC_WARN_64_TO_32_BIT_CONVERSION = YES;
				GCC_WARN_ABOUT_RETURN_TYPE = YES_ERROR;
				GCC_WARN_UNDECLARED_SELECTOR = YES;
				GCC_WARN_UNINITIALIZED_AUTOS = YES_AGGRESSIVE;
				GCC_WARN_UNUSED_FUNCTION = YES;
				GCC_WARN_UNUSED_VARIABLE = YES;
				IPHONEOS_DEPLOYMENT_TARGET = 17.0;
				LOCALIZATION_PREFERS_STRING_CATALOGS = YES;
				MTL_ENABLE_DEBUG_INFO = INCLUDE_SOURCE;
				MTL_FAST_MATH = YES;
				ONLY_ACTIVE_ARCH = YES;
				SDKROOT = iphoneos;
				SWIFT_ACTIVE_COMPILATION_CONDITIONS = "DEBUG $(inherited)";
				SWIFT_OPTIMIZATION_LEVEL = "-Onone";
			};
			name = Debug;
		};
		49C7EFEC2A7B81C3004792A9 /* Release */ = {
			isa = XCBuildConfiguration;
			buildSettings = {
				ALWAYS_SEARCH_USER_PATHS = NO;
				ASSETCATALOG_COMPILER_GENERATE_SWIFT_ASSET_SYMBOL_EXTENSIONS = YES;
				CLANG_ANALYZER_NONNULL = YES;
				CLANG_ANALYZER_NUMBER_OBJECT_CONVERSION = YES_AGGRESSIVE;
				CLANG_CXX_LANGUAGE_STANDARD = "gnu++20";
				CLANG_ENABLE_MODULES = YES;
				CLANG_ENABLE_OBJC_ARC = YES;
				CLANG_ENABLE_OBJC_WEAK = YES;
				CLANG_WARN_BLOCK_CAPTURE_AUTORELEASING = YES;
				CLANG_WARN_BOOL_CONVERSION = YES;
				CLANG_WARN_COMMA = YES;
				CLANG_WARN_CONSTANT_CONVERSION = YES;
				CLANG_WARN_DEPRECATED_OBJC_IMPLEMENTATIONS = YES;
				CLANG_WARN_DIRECT_OBJC_ISA_USAGE = YES_ERROR;
				CLANG_WARN_DOCUMENTATION_COMMENTS = YES;
				CLANG_WARN_EMPTY_BODY = YES;
				CLANG_WARN_ENUM_CONVERSION = YES;
				CLANG_WARN_INFINITE_RECURSION = YES;
				CLANG_WARN_INT_CONVERSION = YES;
				CLANG_WARN_NON_LITERAL_NULL_CONVERSION = YES;
				CLANG_WARN_OBJC_IMPLICIT_RETAIN_SELF = YES;
				CLANG_WARN_OBJC_LITERAL_CONVERSION = YES;
				CLANG_WARN_OBJC_ROOT_CLASS = YES_ERROR;
				CLANG_WARN_QUOTED_INCLUDE_IN_FRAMEWORK_HEADER = YES;
				CLANG_WARN_RANGE_LOOP_ANALYSIS = YES;
				CLANG_WARN_STRICT_PROTOTYPES = YES;
				CLANG_WARN_SUSPICIOUS_MOVE = YES;
				CLANG_WARN_UNGUARDED_AVAILABILITY = YES_AGGRESSIVE;
				CLANG_WARN_UNREACHABLE_CODE = YES;
				CLANG_WARN__DUPLICATE_METHOD_MATCH = YES;
				COPY_PHASE_STRIP = NO;
				DEBUG_INFORMATION_FORMAT = "dwarf-with-dsym";
				ENABLE_NS_ASSERTIONS = NO;
				ENABLE_STRICT_OBJC_MSGSEND = YES;
				ENABLE_USER_SCRIPT_SANDBOXING = YES;
				GCC_C_LANGUAGE_STANDARD = gnu17;
				GCC_NO_COMMON_BLOCKS = YES;
				GCC_WARN_64_TO_32_BIT_CONVERSION = YES;
				GCC_WARN_ABOUT_RETURN_TYPE = YES_ERROR;
				GCC_WARN_UNDECLARED_SELECTOR = YES;
				GCC_WARN_UNINITIALIZED_AUTOS = YES_AGGRESSIVE;
				GCC_WARN_UNUSED_FUNCTION = YES;
				GCC_WARN_UNUSED_VARIABLE = YES;
				IPHONEOS_DEPLOYMENT_TARGET = 17.0;
				LOCALIZATION_PREFERS_STRING_CATALOGS = YES;
				MTL_ENABLE_DEBUG_INFO = NO;
				MTL_FAST_MATH = YES;
				SDKROOT = iphoneos;
				SWIFT_COMPILATION_MODE = wholemodule;
				VALIDATE_PRODUCT = YES;
			};
			name = Release;
		};
		49C7EFEE2A7B81C3004792A9 /* Debug */ = {
			isa = XCBuildConfiguration;
			buildSettings = {
				ASSETCATALOG_COMPILER_APPICON_NAME = AppIcon;
				ASSETCATALOG_COMPILER_GLOBAL_ACCENT_COLOR_NAME = AccentColor;
				CODE_SIGN_STYLE = Automatic;
				CURRENT_PROJECT_VERSION = 1;
				DEVELOPMENT_ASSET_PATHS = "\"UniversalStudiosRideGuide/Preview Content\"";
				DEVELOPMENT_TEAM = Z5DZHFD9M8;
				ENABLE_PREVIEWS = YES;
				GENERATE_INFOPLIST_FILE = YES;
				INFOPLIST_KEY_UIApplicationSceneManifest_Generation = YES;
				INFOPLIST_KEY_UIApplicationSupportsIndirectInputEvents = YES;
				INFOPLIST_KEY_UILaunchScreen_Generation = YES;
				INFOPLIST_KEY_UISupportedInterfaceOrientations_iPad = "UIInterfaceOrientationPortrait UIInterfaceOrientationPortraitUpsideDown UIInterfaceOrientationLandscapeLeft UIInterfaceOrientationLandscapeRight";
				INFOPLIST_KEY_UISupportedInterfaceOrientations_iPhone = "UIInterfaceOrientationPortrait UIInterfaceOrientationLandscapeLeft UIInterfaceOrientationLandscapeRight";
				LD_RUNPATH_SEARCH_PATHS = (
					"$(inherited)",
					"@executable_path/Frameworks",
				);
				MARKETING_VERSION = 1.0;
				PRODUCT_BUNDLE_IDENTIFIER = com.rayzaid01.UniversalStudiosRideGuide;
				PRODUCT_NAME = "$(TARGET_NAME)";
				SWIFT_EMIT_LOC_STRINGS = YES;
				SWIFT_VERSION = 5.0;
				TARGETED_DEVICE_FAMILY = "1,2";
			};
			name = Debug;
		};
		49C7EFEF2A7B81C3004792A9 /* Release */ = {
			isa = XCBuildConfiguration;
			buildSettings = {
				ASSETCATALOG_COMPILER_APPICON_NAME = AppIcon;
				ASSETCATALOG_COMPILER_GLOBAL_ACCENT_COLOR_NAME = AccentColor;
				CODE_SIGN_STYLE = Automatic;
				CURRENT_PROJECT_VERSION = 1;
				DEVELOPMENT_ASSET_PATHS = "\"UniversalStudiosRideGuide/Preview Content\"";
				DEVELOPMENT_TEAM = Z5DZHFD9M8;
				ENABLE_PREVIEWS = YES;
				GENERATE_INFOPLIST_FILE = YES;
				INFOPLIST_KEY_UIApplicationSceneManifest_Generation = YES;
				INFOPLIST_KEY_UIApplicationSupportsIndirectInputEvents = YES;
				INFOPLIST_KEY_UILaunchScreen_Generation = YES;
				INFOPLIST_KEY_UISupportedInterfaceOrientations_iPad = "UIInterfaceOrientationPortrait UIInterfaceOrientationPortraitUpsideDown UIInterfaceOrientationLandscapeLeft UIInterfaceOrientationLandscapeRight";
				INFOPLIST_KEY_UISupportedInterfaceOrientations_iPhone = "UIInterfaceOrientationPortrait UIInterfaceOrientationLandscapeLeft UIInterfaceOrientationLandscapeRight";
				LD_RUNPATH_SEARCH_PATHS = (
					"$(inherited)",
					"@executable_path/Frameworks",
				);
				MARKETING_VERSION = 1.0;
				PRODUCT_BUNDLE_IDENTIFIER = com.rayzaid01.UniversalStudiosRideGuide;
				PRODUCT_NAME = "$(TARGET_NAME)";
				SWIFT_EMIT_LOC_STRINGS = YES;
				SWIFT_VERSION = 5.0;
				TARGETED_DEVICE_FAMILY = "1,2";
			};
			name = Release;
		};
/* End XCBuildConfiguration section */

/* Begin XCConfigurationList section */
		49C7EFDA2A7B81C0004792A9 /* Build configuration list for PBXProject "UniversalStudiosRideGuide" */ = {
			isa = XCConfigurationList;
			buildConfigurations = (
				49C7EFEB2A7B81C3004792A9 /* Debug */,
				49C7EFEC2A7B81C3004792A9 /* Release */,
			);
			defaultConfigurationIsVisible = 0;
			defaultConfigurationName = Release;
		};
		49C7EFED2A7B81C3004792A9 /* Build configuration list for PBXNativeTarget "UniversalStudiosRideGuide" */ = {
			isa = XCConfigurationList;
			buildConfigurations = (
				49C7EFEE2A7B81C3004792A9 /* Debug */,
				49C7EFEF2A7B81C3004792A9 /* Release */,
			);
			defaultConfigurationIsVisible = 0;
			defaultConfigurationName = Release;
		};
/* End XCConfigurationList section */

/* Begin XCRemoteSwiftPackageReference section */
		49C7F0552A7B91D3004792A9 /* XCRemoteSwiftPackageReference "firebase-ios-sdk" */ = {
			isa = XCRemoteSwiftPackageReference;
			repositoryURL = "https://github.com/firebase/firebase-ios-sdk.git";
			requirement = {
				kind = upToNextMajorVersion;
				minimumVersion = 10.13.0;
			};
		};
/* End XCRemoteSwiftPackageReference section */

/* Begin XCSwiftPackageProductDependency section */
		49C7F0622A7B91D3004792A9 /* FirebaseAuth */ = {
			isa = XCSwiftPackageProductDependency;
			package = 49C7F0552A7B91D3004792A9 /* XCRemoteSwiftPackageReference "firebase-ios-sdk" */;
			productName = FirebaseAuth;
		};
		49C7F0642A7B9204004792A9 /* FirebaseFirestore */ = {
			isa = XCSwiftPackageProductDependency;
			package = 49C7F0552A7B91D3004792A9 /* XCRemoteSwiftPackageReference "firebase-ios-sdk" */;
			productName = FirebaseFirestore;
		};
/* End XCSwiftPackageProductDependency section */
	};
	rootObject = 49C7EFD72A7B81C0004792A9 /* Project object */;
}
